<?xml version="1.0" encoding="utf-8"?>
<Project ToolsVersion="4.0" xmlns="http://schemas.microsoft.com/developer/msbuild/2003">
  <ItemGroup>
    <Filter Include="Interfaces">
      <UniqueIdentifier>{60642a13-0fed-4723-9d68-440a43c2e16d}</UniqueIdentifier>
    </Filter>
    <Filter Include="Utility">
      <UniqueIdentifier>{fc649b3e-83b4-4194-b451-0d2207942b05}</UniqueIdentifier>
    </Filter>
    <Filter Include="Time">
      <UniqueIdentifier>{e3518d25-5baa-46b0-a670-815d6e23230a}</UniqueIdentifier>
    </Filter>
    <Filter Include="SingletonBase">
      <UniqueIdentifier>{af9342b6-8003-475d-bb74-c03d008688b3}</UniqueIdentifier>
    </Filter>
    <Filter Include="Input">
      <UniqueIdentifier>{a8495f82-898e-4a37-9a6e-752a92c52bba}</UniqueIdentifier>
    </Filter>
    <Filter Include="Object">
      <UniqueIdentifier>{59bf5700-e910-4cc0-bb25-53d65574f237}</UniqueIdentifier>
    </Filter>
    <Filter Include="Component">
      <UniqueIdentifier>{7e3398d6-84cc-4cf3-8ce4-398c8b00a853}</UniqueIdentifier>
    </Filter>
    <Filter Include="Scene">
      <UniqueIdentifier>{047d4ea4-755f-455e-add0-eab62c32facc}</UniqueIdentifier>
    </Filter>
    <Filter Include="Event">
      <UniqueIdentifier>{cd1ebc28-5bf8-4ebf-a3bd-f69fdf0715c3}</UniqueIdentifier>
    </Filter>
    <Filter Include="Image">
      <UniqueIdentifier>{eeba4167-1b0c-4ab1-9609-234a18b6374e}</UniqueIdentifier>
    </Filter>
    <Filter Include="Component\Renderer">
      <UniqueIdentifier>{af0e2c40-6e0d-4f7d-a56d-3b45e1698179}</UniqueIdentifier>
    </Filter>
    <Filter Include="Image\Animation">
      <UniqueIdentifier>{7328cf43-f624-4571-997a-7e11cccb6635}</UniqueIdentifier>
    </Filter>
    <Filter Include="Image\Manager">
      <UniqueIdentifier>{3b6a43cc-3999-4196-9a09-20335072f753}</UniqueIdentifier>
    </Filter>
    <Filter Include="Image\Sprite">
      <UniqueIdentifier>{ff2056e5-4e1a-4337-96d1-43253d2bcd93}</UniqueIdentifier>
    </Filter>
    <Filter Include="Component\Camera">
      <UniqueIdentifier>{93069b57-9446-45c8-afe9-6b2e83029288}</UniqueIdentifier>
    </Filter>
    <Filter Include="Component\Controller">
      <UniqueIdentifier>{31f075bf-bfaa-450b-9b60-952864ddfffd}</UniqueIdentifier>
    </Filter>
    <Filter Include="Component\Transform">
      <UniqueIdentifier>{44e01775-b774-4db7-8132-522be05e5f12}</UniqueIdentifier>
    </Filter>
    <Filter Include="Scene\Loading">
      <UniqueIdentifier>{6eaf7921-7bd8-4425-9950-b32d7e306770}</UniqueIdentifier>
    </Filter>
    <Filter Include="Scene\TileMap">
      <UniqueIdentifier>{424cda11-442f-4181-b7f9-ee56207f06b9}</UniqueIdentifier>
    </Filter>
    <Filter Include="Scene\Manager">
      <UniqueIdentifier>{7a32c948-3b98-43b6-b805-4d4d9ee4f695}</UniqueIdentifier>
    </Filter>
    <Filter Include="Utility\Enum">
      <UniqueIdentifier>{5802d9db-04ca-4e58-92aa-c0912d4ade6d}</UniqueIdentifier>
    </Filter>
    <Filter Include="Utility\Func">
      <UniqueIdentifier>{a44e0995-5c7a-4fe2-ac92-db07346661b4}</UniqueIdentifier>
    </Filter>
    <Filter Include="Utility\Types">
      <UniqueIdentifier>{626eb446-d1c0-4ddb-acd5-1120e398109d}</UniqueIdentifier>
    </Filter>
    <Filter Include="Component\Renderer\AnimRenderer">
      <UniqueIdentifier>{f2d2b3af-84f8-4b3e-9235-d44347977def}</UniqueIdentifier>
    </Filter>
    <Filter Include="Component\Renderer\ImageRenderer">
      <UniqueIdentifier>{cdf0a8b0-0a48-4979-9d77-f16a262c228d}</UniqueIdentifier>
    </Filter>
    <Filter Include="Component\Renderer\ShapeRenderer">
      <UniqueIdentifier>{5067618c-c404-4a23-b1d8-f9011157297c}</UniqueIdentifier>
    </Filter>
    <Filter Include="Component\Renderer\TileRenderer">
      <UniqueIdentifier>{8796c480-e9d3-4b95-85ad-3f7b9aa66db9}</UniqueIdentifier>
    </Filter>
    <Filter Include="Component\Renderer\UIRenderer">
      <UniqueIdentifier>{9f9391e4-4098-46d0-8351-dce7c03c2dff}</UniqueIdentifier>
    </Filter>
    <Filter Include="Component\Status">
      <UniqueIdentifier>{95da1b88-3c5d-4c3a-a2eb-5a32dec54996}</UniqueIdentifier>
    </Filter>
    <Filter Include="Utility\Rect">
      <UniqueIdentifier>{4b5b27d2-28bf-428b-acfa-fc1926c4b6ac}</UniqueIdentifier>
    </Filter>
    <Filter Include="Utility\SafePtr">
      <UniqueIdentifier>{fdb1dd4f-803b-4b7f-933c-47298c12cf5f}</UniqueIdentifier>
    </Filter>
    <Filter Include="Utility\Math">
      <UniqueIdentifier>{6fc119da-bea5-48e5-8e59-c60a70f7b07c}</UniqueIdentifier>
    </Filter>
  </ItemGroup>
  <ItemGroup>
    <ClInclude Include="$(MSBuildThisFileDirectory)t2gInterfaces.h">
      <Filter>Interfaces</Filter>
    </ClInclude>
    <ClInclude Include="$(MSBuildThisFileDirectory)CommonHeaders.h">
      <Filter>Utility</Filter>
    </ClInclude>
    <ClInclude Include="$(MSBuildThisFileDirectory)t2gMacro.h">
      <Filter>Utility</Filter>
    </ClInclude>
    <ClInclude Include="$(MSBuildThisFileDirectory)t2gApplication.h" />
    <ClInclude Include="$(MSBuildThisFileDirectory)t2gSingletonBase.h">
      <Filter>SingletonBase</Filter>
    </ClInclude>
    <ClInclude Include="$(MSBuildThisFileDirectory)t2gTime.h">
      <Filter>Time</Filter>
    </ClInclude>
    <ClInclude Include="$(MSBuildThisFileDirectory)t2gInput.h">
      <Filter>Input</Filter>
    </ClInclude>
    <ClInclude Include="$(MSBuildThisFileDirectory)t2gObject.h">
      <Filter>Object</Filter>
    </ClInclude>
    <ClInclude Include="$(MSBuildThisFileDirectory)t2gComponent.h">
      <Filter>Component</Filter>
    </ClInclude>
    <ClInclude Include="$(MSBuildThisFileDirectory)t2gScene.h">
      <Filter>Scene</Filter>
    </ClInclude>
    <ClInclude Include="$(MSBuildThisFileDirectory)t2gEvent.h">
      <Filter>Event</Filter>
    </ClInclude>
    <ClInclude Include="$(MSBuildThisFileDirectory)stdafx.h" />
    <ClInclude Include="$(MSBuildThisFileDirectory)t2gAnimation.h">
      <Filter>Image\Animation</Filter>
    </ClInclude>
    <ClInclude Include="$(MSBuildThisFileDirectory)t2gImageManager.h">
      <Filter>Image\Manager</Filter>
    </ClInclude>
    <ClInclude Include="$(MSBuildThisFileDirectory)t2gSprite.h">
      <Filter>Image\Sprite</Filter>
    </ClInclude>
    <ClInclude Include="$(MSBuildThisFileDirectory)t2gCamera.h">
      <Filter>Component\Camera</Filter>
    </ClInclude>
    <ClInclude Include="$(MSBuildThisFileDirectory)t2gPlayerController.h">
      <Filter>Component\Controller</Filter>
    </ClInclude>
    <ClInclude Include="$(MSBuildThisFileDirectory)t2gTransform.h">
      <Filter>Component\Transform</Filter>
    </ClInclude>
    <ClInclude Include="$(MSBuildThisFileDirectory)t2gLoadingScene.h">
      <Filter>Scene\Loading</Filter>
    </ClInclude>
    <ClInclude Include="$(MSBuildThisFileDirectory)t2gTileMapEditingScene.h">
      <Filter>Scene\TileMap</Filter>
    </ClInclude>
    <ClInclude Include="$(MSBuildThisFileDirectory)t2gSceneManager.h">
      <Filter>Scene\Manager</Filter>
    </ClInclude>
    <ClInclude Include="$(MSBuildThisFileDirectory)t2gEnums.h">
      <Filter>Utility\Enum</Filter>
    </ClInclude>
    <ClInclude Include="$(MSBuildThisFileDirectory)t2gFunc.h">
      <Filter>Utility\Func</Filter>
    </ClInclude>
    <ClInclude Include="$(MSBuildThisFileDirectory)t2gTypes.h">
      <Filter>Utility\Types</Filter>
    </ClInclude>
    <ClInclude Include="$(MSBuildThisFileDirectory)t2gAnimationRenderer.h">
      <Filter>Component\Renderer\AnimRenderer</Filter>
    </ClInclude>
    <ClInclude Include="$(MSBuildThisFileDirectory)t2gImageRenderer.h">
      <Filter>Component\Renderer\ImageRenderer</Filter>
    </ClInclude>
    <ClInclude Include="$(MSBuildThisFileDirectory)t2gShapeRenderer.h">
      <Filter>Component\Renderer\ShapeRenderer</Filter>
    </ClInclude>
    <ClInclude Include="$(MSBuildThisFileDirectory)t2gTileRenderer.h">
      <Filter>Component\Renderer\TileRenderer</Filter>
    </ClInclude>
    <ClInclude Include="$(MSBuildThisFileDirectory)t2gUIRenderer.h">
      <Filter>Component\Renderer\UIRenderer</Filter>
    </ClInclude>
    <ClInclude Include="$(MSBuildThisFileDirectory)t2gStatus.h">
      <Filter>Component\Status</Filter>
    </ClInclude>
    <ClInclude Include="$(MSBuildThisFileDirectory)t2gRect.h">
      <Filter>Utility\Rect</Filter>
    </ClInclude>
    <ClInclude Include="$(MSBuildThisFileDirectory)t2gSafePtr.h">
      <Filter>Utility\SafePtr</Filter>
    </ClInclude>
    <ClInclude Include="$(MSBuildThisFileDirectory)t2gMath.h">
      <Filter>Utility\Math</Filter>
    </ClInclude>
  </ItemGroup>
  <ItemGroup>
    <ClCompile Include="$(MSBuildThisFileDirectory)t2gApplication.cpp" />
    <ClCompile Include="$(MSBuildThisFileDirectory)t2gTime.cpp">
      <Filter>Time</Filter>
    </ClCompile>
    <ClCompile Include="$(MSBuildThisFileDirectory)t2gInput.cpp">
      <Filter>Input</Filter>
    </ClCompile>
    <ClCompile Include="$(MSBuildThisFileDirectory)t2gObject.cpp">
      <Filter>Object</Filter>
    </ClCompile>
    <ClCompile Include="$(MSBuildThisFileDirectory)t2gComponent.cpp">
      <Filter>Component</Filter>
    </ClCompile>
    <ClCompile Include="$(MSBuildThisFileDirectory)t2gScene.cpp">
      <Filter>Scene</Filter>
    </ClCompile>
    <ClCompile Include="$(MSBuildThisFileDirectory)t2gEvent.cpp">
      <Filter>Event</Filter>
    </ClCompile>
    <ClCompile Include="$(MSBuildThisFileDirectory)stdafx.cpp" />
    <ClCompile Include="$(MSBuildThisFileDirectory)t2gAnimation.cpp">
      <Filter>Image\Animation</Filter>
    </ClCompile>
    <ClCompile Include="$(MSBuildThisFileDirectory)t2gImageManager.cpp">
      <Filter>Image\Manager</Filter>
    </ClCompile>
    <ClCompile Include="$(MSBuildThisFileDirectory)t2gSprite.cpp">
      <Filter>Image\Sprite</Filter>
    </ClCompile>
    <ClCompile Include="$(MSBuildThisFileDirectory)t2gCamera.cpp">
      <Filter>Component\Camera</Filter>
    </ClCompile>
    <ClCompile Include="$(MSBuildThisFileDirectory)t2gPlayerController.cpp">
      <Filter>Component\Controller</Filter>
    </ClCompile>
    <ClCompile Include="$(MSBuildThisFileDirectory)t2gTransform.cpp">
      <Filter>Component\Transform</Filter>
    </ClCompile>
    <ClCompile Include="$(MSBuildThisFileDirectory)t2gLoadingScene.cpp">
      <Filter>Scene\Loading</Filter>
    </ClCompile>
    <ClCompile Include="$(MSBuildThisFileDirectory)t2gTileMapEditingScene.cpp">
      <Filter>Scene\TileMap</Filter>
    </ClCompile>
    <ClCompile Include="$(MSBuildThisFileDirectory)t2gSceneManager.cpp">
      <Filter>Scene\Manager</Filter>
    </ClCompile>
    <ClCompile Include="$(MSBuildThisFileDirectory)t2gEnums.cpp">
      <Filter>Utility\Enum</Filter>
    </ClCompile>
    <ClCompile Include="$(MSBuildThisFileDirectory)t2gTypes.cpp">
      <Filter>Utility\Types</Filter>
    </ClCompile>
    <ClCompile Include="$(MSBuildThisFileDirectory)t2gFunc.cpp">
      <Filter>Utility\Func</Filter>
    </ClCompile>
    <ClCompile Include="$(MSBuildThisFileDirectory)t2gAnimationRenderer.cpp">
      <Filter>Component\Renderer\AnimRenderer</Filter>
    </ClCompile>
    <ClCompile Include="$(MSBuildThisFileDirectory)t2gImageRenderer.cpp">
      <Filter>Component\Renderer\ImageRenderer</Filter>
    </ClCompile>
    <ClCompile Include="$(MSBuildThisFileDirectory)t2gShapeRenderer.cpp">
      <Filter>Component\Renderer\ShapeRenderer</Filter>
    </ClCompile>
    <ClCompile Include="$(MSBuildThisFileDirectory)t2gTileRenderer.cpp">
      <Filter>Component\Renderer\TileRenderer</Filter>
    </ClCompile>
    <ClCompile Include="$(MSBuildThisFileDirectory)t2gUIRenderer.cpp">
      <Filter>Component\Renderer\UIRenderer</Filter>
    </ClCompile>
    <ClCompile Include="$(MSBuildThisFileDirectory)t2gStatus.cpp">
      <Filter>Component\Status</Filter>
    </ClCompile>
    <ClCompile Include="$(MSBuildThisFileDirectory)t2gRect.cpp">
      <Filter>Utility\Rect</Filter>
    </ClCompile>
    <ClCompile Include="$(MSBuildThisFileDirectory)t2gSafePtr.cpp">
      <Filter>Utility\SafePtr</Filter>
    </ClCompile>
    <ClCompile Include="$(MSBuildThisFileDirectory)t2gMath.cpp">
      <Filter>Utility\Math</Filter>
    </ClCompile>
  </ItemGroup>
</Project>